
Microsoft Visual Studio Solution File, Format Version 12.00
# Visual Studio Version 17
VisualStudioVersion = 17.7.34009.444
MinimumVisualStudioVersion = 10.0.40219.1
Project("{9A19103F-16F7-4668-BE54-9A1E7A4F7556}") = "RecipeApi", "Recipes\RecipeApi.csproj", "{82F03250-9188-454D-80BF-1429477F5779}"
EndProject
Project("{FAE04EC0-301F-11D3-BF4B-00C04F79EFBC}") = "DomainLayer", "DomainLayer\DomainLayer.csproj", "{2A8D9AFF-9EF1-4A34-91DE-BEBF5EA71FBF}"
EndProject
Project("{FAE04EC0-301F-11D3-BF4B-00C04F79EFBC}") = "RepositoryLayer", "RepositoryLayer\RepositoryLayer.csproj", "{1D8DCE10-3469-46E2-A32B-FFF904C92789}"
EndProject
Project("{FAE04EC0-301F-11D3-BF4B-00C04F79EFBC}") = "ServiceLayer", "ServiceLayer\ServiceLayer.csproj", "{70CC8CD3-753C-42D9-B9A8-E8FA493090C7}"
EndProject
Global
	GlobalSection(SolutionConfigurationPlatforms) = preSolution
		Debug|Any CPU = Debug|Any CPU
		Release|Any CPU = Release|Any CPU
	EndGlobalSection
	GlobalSection(ProjectConfigurationPlatforms) = postSolution
		{82F03250-9188-454D-80BF-1429477F5779}.Debug|Any CPU.ActiveCfg = Debug|Any CPU
		{82F03250-9188-454D-80BF-1429477F5779}.Debug|Any CPU.Build.0 = Debug|Any CPU
		{82F03250-9188-454D-80BF-1429477F5779}.Release|Any CPU.ActiveCfg = Release|Any CPU
		{82F03250-9188-454D-80BF-1429477F5779}.Release|Any CPU.Build.0 = Release|Any CPU
		{2A8D9AFF-9EF1-4A34-91DE-BEBF5EA71FBF}.Debug|Any CPU.ActiveCfg = Debug|Any CPU
		{2A8D9AFF-9EF1-4A34-91DE-BEBF5EA71FBF}.Debug|Any CPU.Build.0 = Debug|Any CPU
		{2A8D9AFF-9EF1-4A34-91DE-BEBF5EA71FBF}.Release|Any CPU.ActiveCfg = Release|Any CPU
		{2A8D9AFF-9EF1-4A34-91DE-BEBF5EA71FBF}.Release|Any CPU.Build.0 = Release|Any CPU
		{1D8DCE10-3469-46E2-A32B-FFF904C92789}.Debug|Any CPU.ActiveCfg = Debug|Any CPU
		{1D8DCE10-3469-46E2-A32B-FFF904C92789}.Debug|Any CPU.Build.0 = Debug|Any CPU
		{1D8DCE10-3469-46E2-A32B-FFF904C92789}.Release|Any CPU.ActiveCfg = Release|Any CPU
		{1D8DCE10-3469-46E2-A32B-FFF904C92789}.Release|Any CPU.Build.0 = Release|Any CPU
		{70CC8CD3-753C-42D9-B9A8-E8FA493090C7}.Debug|Any CPU.ActiveCfg = Debug|Any CPU
		{70CC8CD3-753C-42D9-B9A8-E8FA493090C7}.Debug|Any CPU.Build.0 = Debug|Any CPU
		{70CC8CD3-753C-42D9-B9A8-E8FA493090C7}.Release|Any CPU.ActiveCfg = Release|Any CPU
		{70CC8CD3-753C-42D9-B9A8-E8FA493090C7}.Release|Any CPU.Build.0 = Release|Any CPU
	EndGlobalSection
	GlobalSection(SolutionProperties) = preSolution
		HideSolutionNode = FALSE
	EndGlobalSection
	GlobalSection(ExtensibilityGlobals) = postSolution
		SolutionGuid = {692446BB-E3D3-48F1-969F-F4D40F325127}
	EndGlobalSection
EndGlobal
